// !$*UTF8*$!
{
	archiveVersion = 1;
	classes = {
	};
	objectVersion = 46;
	objects = {

/* Begin PBXBuildFile section */
		3283B05A1DDC09D10057BBEC /* AppDelegate.swift in Sources */ = {isa = PBXBuildFile; fileRef = 3283B0591DDC09D10057BBEC /* AppDelegate.swift */; };
		3283B05C1DDC09D10057BBEC /* ViewController.swift in Sources */ = {isa = PBXBuildFile; fileRef = 3283B05B1DDC09D10057BBEC /* ViewController.swift */; };
		3283B05F1DDC09D10057BBEC /* Main.storyboard in Resources */ = {isa = PBXBuildFile; fileRef = 3283B05D1DDC09D10057BBEC /* Main.storyboard */; };
		3283B0611DDC09D10057BBEC /* Assets.xcassets in Resources */ = {isa = PBXBuildFile; fileRef = 3283B0601DDC09D10057BBEC /* Assets.xcassets */; };
		3283B0641DDC09D10057BBEC /* LaunchScreen.storyboard in Resources */ = {isa = PBXBuildFile; fileRef = 3283B0621DDC09D10057BBEC /* LaunchScreen.storyboard */; };
		3283B06E1DDFE1B50057BBEC /* Property_eList.plist in Resources */ = {isa = PBXBuildFile; fileRef = 3283B06D1DDFE1B50057BBEC /* Property_eList.plist */; };
		3283B0701DDFE4210057BBEC /* Property_sList.plist in Resources */ = {isa = PBXBuildFile; fileRef = 3283B06F1DDFE4210057BBEC /* Property_sList.plist */; };
		3283B0721DDFF2020057BBEC /* FlatViewController.swift in Sources */ = {isa = PBXBuildFile; fileRef = 3283B0711DDFF2020057BBEC /* FlatViewController.swift */; };
		3283B0741DDFF5BC0057BBEC /* Flat_aViewController.swift in Sources */ = {isa = PBXBuildFile; fileRef = 3283B0731DDFF5BC0057BBEC /* Flat_aViewController.swift */; };
/* End PBXBuildFile section */

/* Begin PBXFileReference section */
		3283B0561DDC09D10057BBEC /* TesuriApp.app */ = {isa = PBXFileReference; explicitFileType = wrapper.application; includeInIndex = 0; path = TesuriApp.app; sourceTree = BUILT_PRODUCTS_DIR; };
		3283B0591DDC09D10057BBEC /* AppDelegate.swift */ = {isa = PBXFileReference; lastKnownFileType = sourcecode.swift; path = AppDelegate.swift; sourceTree = "<group>"; };
		3283B05B1DDC09D10057BBEC /* ViewController.swift */ = {isa = PBXFileReference; lastKnownFileType = sourcecode.swift; path = ViewController.swift; sourceTree = "<group>"; };
		3283B05E1DDC09D10057BBEC /* Base */ = {isa = PBXFileReference; lastKnownFileType = file.storyboard; name = Base; path = Base.lproj/Main.storyboard; sourceTree = "<group>"; };
		3283B0601DDC09D10057BBEC /* Assets.xcassets */ = {isa = PBXFileReference; lastKnownFileType = folder.assetcatalog; path = Assets.xcassets; sourceTree = "<group>"; };
		3283B0631DDC09D10057BBEC /* Base */ = {isa = PBXFileReference; lastKnownFileType = file.storyboard; name = Base; path = Base.lproj/LaunchScreen.storyboard; sourceTree = "<group>"; };
		3283B0651DDC09D10057BBEC /* Info.plist */ = {isa = PBXFileReference; lastKnownFileType = text.plist.xml; path = Info.plist; sourceTree = "<group>"; };
		3283B06D1DDFE1B50057BBEC /* Property_eList.plist */ = {isa = PBXFileReference; fileEncoding = 4; lastKnownFileType = text.plist.xml; path = Property_eList.plist; sourceTree = "<group>"; };
		3283B06F1DDFE4210057BBEC /* Property_sList.plist */ = {isa = PBXFileReference; fileEncoding = 4; lastKnownFileType = text.plist.xml; path = Property_sList.plist; sourceTree = "<group>"; };
		3283B0711DDFF2020057BBEC /* FlatViewController.swift */ = {isa = PBXFileReference; fileEncoding = 4; lastKnownFileType = sourcecode.swift; path = FlatViewController.swift; sourceTree = "<group>"; };
		3283B0731DDFF5BC0057BBEC /* Flat_aViewController.swift */ = {isa = PBXFileReference; fileEncoding = 4; lastKnownFileType = sourcecode.swift; path = Flat_aViewController.swift; sourceTree = "<group>"; };
/* End PBXFileReference section */

/* Begin PBXFrameworksBuildPhase section */
		3283B0531DDC09D10057BBEC /* Frameworks */ = {
			isa = PBXFrameworksBuildPhase;
			buildActionMask = 2147483647;
			files = (
			);
			runOnlyForDeploymentPostprocessing = 0;
		};
/* End PBXFrameworksBuildPhase section */

/* Begin PBXGroup section */
		3283B04D1DDC09D10057BBEC = {
			isa = PBXGroup;
			children = (
				3283B0581DDC09D10057BBEC /* TesuriApp */,
				3283B0571DDC09D10057BBEC /* Products */,
			);
			sourceTree = "<group>";
		};
		3283B0571DDC09D10057BBEC /* Products */ = {
			isa = PBXGroup;
			children = (
				3283B0561DDC09D10057BBEC /* TesuriApp.app */,
			);
			name = Products;
			sourceTree = "<group>";
		};
		3283B0581DDC09D10057BBEC /* TesuriApp */ = {
			isa = PBXGroup;
			children = (
				3283B0591DDC09D10057BBEC /* AppDelegate.swift */,
				3283B05B1DDC09D10057BBEC /* ViewController.swift */,
				3283B0711DDFF2020057BBEC /* FlatViewController.swift */,
				3283B0731DDFF5BC0057BBEC /* Flat_aViewController.swift */,
				3283B05D1DDC09D10057BBEC /* Main.storyboard */,
				3283B0601DDC09D10057BBEC /* Assets.xcassets */,
				3283B0621DDC09D10057BBEC /* LaunchScreen.storyboard */,
				3283B0651DDC09D10057BBEC /* Info.plist */,
				3283B06D1DDFE1B50057BBEC /* Property_eList.plist */,
				3283B06F1DDFE4210057BBEC /* Property_sList.plist */,
			);
			path = TesuriApp;
			sourceTree = "<group>";
		};
/* End PBXGroup section */

/* Begin PBXNativeTarget section */
		3283B0551DDC09D10057BBEC /* TesuriApp */ = {
			isa = PBXNativeTarget;
			buildConfigurationList = 3283B0681DDC09D10057BBEC /* Build configuration list for PBXNativeTarget "TesuriApp" */;
			buildPhases = (
				3283B0521DDC09D10057BBEC /* Sources */,
				3283B0531DDC09D10057BBEC /* Frameworks */,
				3283B0541DDC09D10057BBEC /* Resources */,
			);
			buildRules = (
			);
			dependencies = (
			);
			name = TesuriApp;
			productName = TesuriApp;
			productReference = 3283B0561DDC09D10057BBEC /* TesuriApp.app */;
			productType = "com.apple.product-type.application";
		};
/* End PBXNativeTarget section */

/* Begin PBXProject section */
		3283B04E1DDC09D10057BBEC /* Project object */ = {
			isa = PBXProject;
			attributes = {
				LastSwiftUpdateCheck = 0810;
				LastUpgradeCheck = 0810;
				ORGANIZATIONNAME = nowall;
				TargetAttributes = {
					3283B0551DDC09D10057BBEC = {
						CreatedOnToolsVersion = 8.1;
						DevelopmentTeam = MD9N896C73;
						ProvisioningStyle = Automatic;
					};
				};
			};
			buildConfigurationList = 3283B0511DDC09D10057BBEC /* Build configuration list for PBXProject "TesuriApp" */;
			compatibilityVersion = "Xcode 3.2";
			developmentRegion = English;
			hasScannedForEncodings = 0;
			knownRegions = (
				en,
				Base,
			);
			mainGroup = 3283B04D1DDC09D10057BBEC;
			productRefGroup = 3283B0571DDC09D10057BBEC /* Products */;
			projectDirPath = "";
			projectRoot = "";
			targets = (
				3283B0551DDC09D10057BBEC /* TesuriApp */,
			);
		};
/* End PBXProject section */

/* Begin PBXResourcesBuildPhase section */
		3283B0541DDC09D10057BBEC /* Resources */ = {
			isa = PBXResourcesBuildPhase;
			buildActionMask = 2147483647;
			files = (
				3283B0641DDC09D10057BBEC /* LaunchScreen.storyboard in Resources */,
				3283B0611DDC09D10057BBEC /* Assets.xcassets in Resources */,
				3283B06E1DDFE1B50057BBEC /* Property_eList.plist in Resources */,
				3283B0701DDFE4210057BBEC /* Property_sList.plist in Resources */,
				3283B05F1DDC09D10057BBEC /* Main.storyboard in Resources */,
			);
			runOnlyForDeploymentPostprocessing = 0;
		};
/* End PBXResourcesBuildPhase section */

/* Begin PBXSourcesBuildPhase section */
		3283B0521DDC09D10057BBEC /* Sources */ = {
			isa = PBXSourcesBuildPhase;
			buildActionMask = 2147483647;
			files = (
				3283B05C1DDC09D10057BBEC /* ViewController.swift in Sources */,
				3283B0721DDFF2020057BBEC /* FlatViewController.swift in Sources */,
				3283B05A1DDC09D10057BBEC /* AppDelegate.swift in Sources */,
				3283B0741DDFF5BC0057BBEC /* Flat_aViewController.swift in Sources */,
			);
			runOnlyForDeploymentPostprocessing = 0;
		};
/* End PBXSourcesBuildPhase section */

/* Begin PBXVariantGroup section */
		3283B05D1DDC09D10057BBEC /* Main.storyboard */ = {
			isa = PBXVariantGroup;
			children = (
				3283B05E1DDC09D10057BBEC /* Base */,
			);
			name = Main.storyboard;
			sourceTree = "<group>";
		};
		3283B0621DDC09D10057BBEC /* LaunchScreen.storyboard */ = {
			isa = PBXVariantGroup;
			children = (
				3283B0631DDC09D10057BBEC /* Base */,
			);
			name = LaunchScreen.storyboard;
			sourceTree = "<group>";
		};
/* End PBXVariantGroup section */

/* Begin XCBuildConfiguration section */
		3283B0661DDC09D10057BBEC /* Debug */ = {
			isa = XCBuildConfiguration;
			buildSettings = {
				ALWAYS_SEARCH_USER_PATHS = NO;
				CLANG_ANALYZER_NONNULL = YES;
				CLANG_CXX_LANGUAGE_STANDARD = "gnu++0x";
				CLANG_CXX_LIBRARY = "libc++";
				CLANG_ENABLE_MODULES = YES;
				CLANG_ENABLE_OBJC_ARC = YES;
				CLANG_WARN_BOOL_CONVERSION = YES;
				CLANG_WARN_CONSTANT_CONVERSION = YES;
				CLANG_WARN_DIRECT_OBJC_ISA_USAGE = YES_ERROR;
				CLANG_WARN_DOCUMENTATION_COMMENTS = YES;
				CLANG_WARN_EMPTY_BODY = YES;
				CLANG_WARN_ENUM_CONVERSION = YES;
				CLANG_WARN_INFINITE_RECURSION = YES;
				CLANG_WARN_INT_CONVERSION = YES;
				CLANG_WARN_OBJC_ROOT_CLASS = YES_ERROR;
				CLANG_WARN_SUSPICIOUS_MOVES = YES;
				CLANG_WARN_UNREACHABLE_CODE = YES;
				CLANG_WARN__DUPLICATE_METHOD_MATCH = YES;
				"CODE_SIGN_IDENTITY[sdk=iphoneos*]" = "iPhone Developer";
				COPY_PHASE_STRIP = NO;
				DEBUG_INFORMATION_FORMAT = dwarf;
				ENABLE_STRICT_OBJC_MSGSEND = YES;
				ENABLE_TESTABILITY = YES;
				GCC_C_LANGUAGE_STANDARD = gnu99;
				GCC_DYNAMIC_NO_PIC = NO;
				GCC_NO_COMMON_BLOCKS = YES;
				GCC_OPTIMIZATION_LEVEL = 0;
				GCC_PREPROCESSOR_DEFINITIONS = (
					"DEBUG=1",
					"$(inherited)",
				);
				GCC_WARN_64_TO_32_BIT_CONVERSION = YES;
				GCC_WARN_ABOUT_RETURN_TYPE = YES_ERROR;
				GCC_WARN_UNDECLARED_SELECTOR = YES;
				GCC_WARN_UNINITIALIZED_AUTOS = YES_AGGRESSIVE;
				GCC_WARN_UNUSED_FUNCTION = YES;
				GCC_WARN_UNUSED_VARIABLE = YES;
				IPHONEOS_DEPLOYMENT_TARGET = 10.1;
				MTL_ENABLE_DEBUG_INFO = YES;
				ONLY_ACTIVE_ARCH = YES;
				SDKROOT = iphoneos;
				SWIFT_ACTIVE_COMPILATION_CONDITIONS = DEBUG;
				SWIFT_OPTIMIZATION_LEVEL = "-Onone";
			};
			name = Debug;
		};
		3283B0671DDC09D10057BBEC /* Release */ = {
			isa = XCBuildConfiguration;
			buildSettings = {
				ALWAYS_SEARCH_USER_PATHS = NO;
				CLANG_ANALYZER_NONNULL = YES;
				CLANG_CXX_LANGUAGE_STANDARD = "gnu++0x";
				CLANG_CXX_LIBRARY = "libc++";
				CLANG_ENABLE_MODULES = YES;
				CLANG_ENABLE_OBJC_ARC = YES;
				CLANG_WARN_BOOL_CONVERSION = YES;
				CLANG_WARN_CONSTANT_CONVERSION = YES;
				CLANG_WARN_DIRECT_OBJC_ISA_USAGE = YES_ERROR;
				CLANG_WARN_DOCUMENTATION_COMMENTS = YES;
				CLANG_WARN_EMPTY_BODY = YES;
				CLANG_WARN_ENUM_CONVERSION = YES;
				CLANG_WARN_INFINITE_RECURSION = YES;
				CLANG_WARN_INT_CONVERSION = YES;
				CLANG_WARN_OBJC_ROOT_CLASS = YES_ERROR;
				CLANG_WARN_SUSPICIOUS_MOVES = YES;
				CLANG_WARN_UNREACHABLE_CODE = YES;
				CLANG_WARN__DUPLICATE_METHOD_MATCH = YES;
				"CODE_SIGN_IDENTITY[sdk=iphoneos*]" = "iPhone Developer";
				COPY_PHASE_STRIP = NO;
				DEBUG_INFORMATION_FORMAT = "dwarf-with-dsym";
				ENABLE_NS_ASSERTIONS = NO;
				ENABLE_STRICT_OBJC_MSGSEND = YES;
				GCC_C_LANGUAGE_STANDARD = gnu99;
				GCC_NO_COMMON_BLOCKS = YES;
				GCC_WARN_64_TO_32_BIT_CONVERSION = YES;
				GCC_WARN_ABOUT_RETURN_TYPE = YES_ERROR;
				GCC_WARN_UNDECLARED_SELECTOR = YES;
				GCC_WARN_UNINITIALIZED_AUTOS = YES_AGGRESSIVE;
				GCC_WARN_UNUSED_FUNCTION = YES;
				GCC_WARN_UNUSED_VARIABLE = YES;
				IPHONEOS_DEPLOYMENT_TARGET = 10.1;
				MTL_ENABLE_DEBUG_INFO = NO;
				SDKROOT = iphoneos;
				SWIFT_OPTIMIZATION_LEVEL = "-Owholemodule";
				VALIDATE_PRODUCT = YES;
			};
			name = Release;
		};
		3283B0691DDC09D10057BBEC /* Debug */ = {
			isa = XCBuildConfiguration;
			buildSettings = {
				ASSETCATALOG_COMPILER_APPICON_NAME = AppIcon;
				DEVELOPMENT_TEAM = MD9N896C73;
				INFOPLIST_FILE = TesuriApp/Info.plist;
				LD_RUNPATH_SEARCH_PATHS = "$(inherited) @executable_path/Frameworks";
				PRODUCT_BUNDLE_IDENTIFIER = nonwall.TesuriApp;
				PRODUCT_NAME = "$(TARGET_NAME)";
				SWIFT_VERSION = 3.0;
			};
			name = Debug;
		};
		3283B06A1DDC09D10057BBEC /* Release */ = {
			isa = XCBuildConfiguration;
			buildSettings = {
				ASSETCATALOG_COMPILER_APPICON_NAME = AppIcon;
				DEVELOPMENT_TEAM = MD9N896C73;
				INFOPLIST_FILE = TesuriApp/Info.plist;
				LD_RUNPATH_SEARCH_PATHS = "$(inherited) @executable_path/Frameworks";
				PRODUCT_BUNDLE_IDENTIFIER = nonwall.TesuriApp;
				PRODUCT_NAME = "$(TARGET_NAME)";
				SWIFT_VERSION = 3.0;
			};
			name = Release;
		};
/* End XCBuildConfiguration section */

/* Begin XCConfigurationList section */
		3283B0511DDC09D10057BBEC /* Build configuration list for PBXProject "TesuriApp" */ = {
			isa = XCConfigurationList;
			buildConfigurations = (
				3283B0661DDC09D10057BBEC /* Debug */,
				3283B0671DDC09D10057BBEC /* Release */,
			);
			defaultConfigurationIsVisible = 0;
			defaultConfigurationName = Release;
		};
		3283B0681DDC09D10057BBEC /* Build configuration list for PBXNativeTarget "TesuriApp" */ = {
			isa = XCConfigurationList;
			buildConfigurations = (
				3283B0691DDC09D10057BBEC /* Debug */,
				3283B06A1DDC09D10057BBEC /* Release */,
			);
			defaultConfigurationIsVisible = 0;
		};
/* End XCConfigurationList section */
	};
	rootObject = 3283B04E1DDC09D10057BBEC /* Project object */;
}
